{
  "name": "react-native-skeleton-content",
  "version": "1.0.7",
  "lockfileVersion": 1,
  "requires": true,
  "dependencies": {
    "expo-linear-gradient": {
      "version": "7.0.0",
      "resolved": "https://registry.npmjs.org/expo-linear-gradient/-/expo-linear-gradient-7.0.0.tgz",
      "integrity": "sha512-8VrFWR9tpXrDmk0kMyIpo6C5jKiDRzXPZN55JtyPhjuN1kF8Kle4d9ybNtV+bYd3Ql6PAZXY8Y/bhLAuWv0L9g=="
    },
    "lodash": {
      "version": "4.17.14",
      "resolved": "https://registry.npmjs.org/lodash/-/lodash-4.17.14.tgz",
      "integrity": "sha512-mmKYbW3GLuJeX+iGP+Y7Gp1AiGHGbXHCOh/jZmrawMmsE7MS4znI3RL2FsjbqOyMayHInjOeykW7PEajUk1/xw=="
    }
  }
}
